{
  "name": "Samos-me",
  "version": "0.8.0",
  "lockfileVersion": 1,
  "requires": true,
  "dependencies": {
    "electron": {
      "version": "2.0.4",
      "resolved": "http://registry.npm.taobao.org/electron/download/electron-2.0.4.tgz",
      "dev": true,
      "dependencies": {
        "@types/node": {
          "version": "http://registry.npm.taobao.org/@types/node/download/@types/node-8.10.21.tgz",
          "bundled": true
        },
        "electron-download": {
          "version": "http://registry.npm.taobao.org/electron-download/download/electron-download-3.3.0.tgz",
          "bundled": true
        },
        "extract-zip": {
          "version": "http://registry.npm.taobao.org/extract-zip/download/extract-zip-1.6.7.tgz",
          "bundled": true
        }
      }
    },
    "electron-builder": {
      "version": "20.27.1",
      "resolved": "http://registry.npm.taobao.org/electron-builder/download/electron-builder-20.27.1.tgz",
      "dev": true,
      "dependencies": {
        "app-builder-lib": {
          "version": "http://registry.npm.taobao.org/app-builder-lib/download/app-builder-lib-20.27.1.tgz",
          "dependencies": {
            "7zip-bin": {
              "version": "http://registry.npm.taobao.org/7zip-bin/download/7zip-bin-4.0.2.tgz",
              "bundled": true
            },
            "app-builder-bin": {
              "version": "http://registry.npm.taobao.org/app-builder-bin/download/app-builder-bin-2.1.1.tgz",
              "bundled": true
            },
            "async-exit-hook": {
              "version": "http://registry.npm.taobao.org/async-exit-hook/download/async-exit-hook-2.0.1.tgz",
              "bundled": true
            },
            "bluebird-lst": {
              "version": "http://registry.npm.taobao.org/bluebird-lst/download/bluebird-lst-1.0.5.tgz",
              "bundled": true
            },
            "builder-util": {
              "version": "http://registry.npm.taobao.org/builder-util/download/builder-util-6.0.0.tgz",
              "bundled": true
            },
            "builder-util-runtime": {
              "version": "http://registry.npm.taobao.org/builder-util-runtime/download/builder-util-runtime-4.4.1.tgz",
              "bundled": true,
              "dependencies": {
                "bluebird-lst": {
                  "version": "http://registry.npm.taobao.org/bluebird-lst/download/bluebird-lst-1.0.5.tgz",
                  "dependencies": {
                    "bluebird": {
                      "version": "http://registry.npm.taobao.org/bluebird/download/bluebird-3.5.2.tgz"
                    }
                  }
                },
                "debug": {
                  "version": "http://registry.npm.taobao.org/debug/download/debug-3.2.5.tgz"
                },
                "fs-extra-p": {
                  "version": "http://registry.npm.taobao.org/fs-extra-p/download/fs-extra-p-4.6.1.tgz",
                  "dependencies": {
                    "bluebird-lst": {
                      "version": "http://registry.npm.taobao.org/bluebird-lst/download/bluebird-lst-1.0.5.tgz",
                      "dependencies": {
                        "bluebird": {
                          "version": "http://registry.npm.taobao.org/bluebird/download/bluebird-3.5.2.tgz"
                        }
                      }
                    },
                    "fs-extra": {
                      "version": "http://registry.npm.taobao.org/fs-extra/download/fs-extra-6.0.1.tgz"
                    }
                  }
                },
                "sax": {
                  "version": "http://registry.npm.taobao.org/sax/download/sax-1.2.4.tgz"
                }
              }
            },
            "chromium-pickle-js": {
              "version": "http://registry.npm.taobao.org/chromium-pickle-js/download/chromium-pickle-js-0.2.0.tgz",
              "bundled": true
            },
            "debug": {
              "version": "http://registry.npm.taobao.org/debug/download/debug-3.2.5.tgz",
              "bundled": true,
              "dependencies": {
                "ms": {
                  "version": "http://registry.npm.taobao.org/ms/download/ms-2.1.1.tgz"
                }
              }
            },
            "ejs": {
              "version": "http://registry.npm.taobao.org/ejs/download/ejs-2.6.1.tgz",
              "bundled": true
            },
            "electron-osx-sign": {
              "version": "http://registry.npm.taobao.org/electron-osx-sign/download/electron-osx-sign-0.4.10.tgz",
              "bundled": true
            },
            "electron-publish": {
              "version": "http://registry.npm.taobao.org/electron-publish/download/electron-publish-20.27.0.tgz",
              "bundled": true
            },
            "fs-extra-p": {
              "version": "http://registry.npm.taobao.org/fs-extra-p/download/fs-extra-p-4.6.1.tgz",
              "bundled": true,
              "dependencies": {
                "bluebird-lst": {
                  "version": "http://registry.npm.taobao.org/bluebird-lst/download/bluebird-lst-1.0.5.tgz",
                  "dependencies": {}
                },
                "fs-extra": {
                  "version": "http://registry.npm.taobao.org/fs-extra/download/fs-extra-6.0.1.tgz"
                }
              }
            },
            "hosted-git-info": {
              "version": "http://registry.npm.taobao.org/hosted-git-info/download/hosted-git-info-2.7.1.tgz",
              "bundled": true
            },
            "is-ci": {
              "version": "http://registry.npm.taobao.org/is-ci/download/is-ci-1.2.1.tgz",
              "bundled": true,
              "dependencies": {
                "ci-info": {
                  "version": "http://registry.npm.taobao.org/ci-info/download/ci-info-1.5.1.tgz",
                  "bundled": true
                }
              }
            },
            "isbinaryfile": {
              "version": "http://registry.npm.taobao.org/isbinaryfile/download/isbinaryfile-3.0.3.tgz",
              "bundled": true,
              "dependencies": {
                "buffer-alloc": {
                  "version": "http://registry.npm.taobao.org/buffer-alloc/download/buffer-alloc-1.2.0.tgz",
                  "bundled": true
                }
              }
            },
            "js-yaml": {
              "version": "http://registry.npm.taobao.org/js-yaml/download/js-yaml-3.12.0.tgz",
              "bundled": true,
              "dependencies": {
                "argparse": {
                  "version": "http://registry.npm.taobao.org/argparse/download/argparse-1.0.10.tgz",
                  "bundled": true
                },
                "esprima": {
                  "version": "http://registry.npm.taobao.org/esprima/download/esprima-4.0.1.tgz",
                  "bundled": true
                }
              }
            },
            "lazy-val": {
              "version": "http://registry.npm.taobao.org/lazy-val/download/lazy-val-1.0.3.tgz",
              "bundled": true
            },
            "minimatch": {
              "version": "http://registry.npm.taobao.org/minimatch/download/minimatch-3.0.4.tgz",
              "bundled": true,
              "dependencies": {
                "brace-expansion": {
                  "version": "http://registry.npm.taobao.org/brace-expansion/download/brace-expansion-1.1.11.tgz"
                }
              }
            },
            "normalize-package-data": {
              "version": "http://registry.npm.taobao.org/normalize-package-data/download/normalize-package-data-2.4.0.tgz",
              "bundled": true,
              "dependencies": {
                "hosted-git-info": {
                  "version": "http://registry.npm.taobao.org/hosted-git-info/download/hosted-git-info-2.7.1.tgz"
                },
                "is-builtin-module": {
                  "version": "http://registry.npm.taobao.org/is-builtin-module/download/is-builtin-module-1.0.0.tgz"
                },
                "semver": {
                  "version": "http://registry.npm.taobao.org/semver/download/semver-5.5.0.tgz"
                },
                "validate-npm-package-license": {
                  "version": "http://registry.npm.taobao.org/validate-npm-package-license/download/validate-npm-package-license-3.0.3.tgz"
                }
              }
            },
            "plist": {
              "version": "http://registry.npm.taobao.org/plist/download/plist-3.0.1.tgz",
              "bundled": true
            },
            "read-config-file": {
              "version": "http://registry.npm.taobao.org/read-config-file/download/read-config-file-3.1.0.tgz",
              "bundled": true
            },
            "sanitize-filename": {
              "version": "http://registry.npm.taobao.org/sanitize-filename/download/sanitize-filename-1.6.1.tgz",
              "bundled": true,
              "dependencies": {
                "truncate-utf8-bytes": {
                  "version": "http://registry.npm.taobao.org/truncate-utf8-bytes/download/truncate-utf8-bytes-1.0.2.tgz"
                }
              }
            },
            "semver": {
              "version": "http://registry.npm.taobao.org/semver/download/semver-5.5.1.tgz",
              "bundled": true
            },
            "temp-file": {
              "version": "http://registry.npm.taobao.org/temp-file/download/temp-file-3.1.3.tgz",
              "bundled": true,
              "dependencies": {
                "async-exit-hook": {
                  "version": "http://registry.npm.taobao.org/async-exit-hook/download/async-exit-hook-2.0.1.tgz",
                  "bundled": true
                },
                "bluebird-lst": {
                  "version": "http://registry.npm.taobao.org/bluebird-lst/download/bluebird-lst-1.0.5.tgz",
                  "bundled": true,
                  "dependencies": {
                    "bluebird": {
                      "version": "http://registry.npm.taobao.org/bluebird/download/bluebird-3.5.2.tgz"
                    }
                  }
                },
                "fs-extra-p": {
                  "version": "http://registry.npm.taobao.org/fs-extra-p/download/fs-extra-p-4.6.1.tgz",
                  "bundled": true,
                  "dependencies": {
                    "bluebird-lst": {
                      "version": "http://registry.npm.taobao.org/bluebird-lst/download/bluebird-lst-1.0.5.tgz",
                      "dependencies": {}
                    },
                    "fs-extra": {
                      "version": "http://registry.npm.taobao.org/fs-extra/download/fs-extra-6.0.1.tgz"
                    }
                  }
                },
                "lazy-val": {
                  "version": "http://registry.npm.taobao.org/lazy-val/download/lazy-val-1.0.3.tgz",
                  "bundled": true
                }
              }
            }
          }
        },
        "bluebird-lst": {
          "version": "http://registry.npm.taobao.org/bluebird-lst/download/bluebird-lst-1.0.5.tgz",
          "dependencies": {
            "bluebird": {
              "version": "http://registry.npm.taobao.org/bluebird/download/bluebird-3.5.2.tgz"
            }
          }
        },
        "builder-util": {
          "version": "http://registry.npm.taobao.org/builder-util/download/builder-util-6.0.0.tgz",
          "dependencies": {
            "7zip-bin": {
              "version": "http://registry.npm.taobao.org/7zip-bin/download/7zip-bin-4.0.2.tgz"
            },
            "app-builder-bin": {
              "version": "http://registry.npm.taobao.org/app-builder-bin/download/app-builder-bin-2.1.1.tgz"
            },
            "bluebird-lst": {
              "version": "http://registry.npm.taobao.org/bluebird-lst/download/bluebird-lst-1.0.5.tgz",
              "dependencies": {
                "bluebird": {
                  "version": "http://registry.npm.taobao.org/bluebird/download/bluebird-3.5.2.tgz"
                }
              }
            },
            "builder-util-runtime": {
              "version": "http://registry.npm.taobao.org/builder-util-runtime/download/builder-util-runtime-4.4.1.tgz"
            },
            "chalk": {
              "version": "http://registry.npm.taobao.org/chalk/download/chalk-2.4.1.tgz"
            },
            "debug": {
              "version": "http://registry.npm.taobao.org/debug/download/debug-3.2.5.tgz",
              "dependencies": {
                "ms": {
                  "version": "http://registry.npm.taobao.org/ms/download/ms-2.1.1.tgz"
                }
              }
            },
            "fs-extra-p": {
              "version": "http://registry.npm.taobao.org/fs-extra-p/download/fs-extra-p-4.6.1.tgz"
            },
            "is-ci": {
              "version": "http://registry.npm.taobao.org/is-ci/download/is-ci-1.2.1.tgz"
            },
            "js-yaml": {
              "version": "http://registry.npm.taobao.org/js-yaml/download/js-yaml-3.12.0.tgz"
            },
            "lazy-val": {
              "version": "http://registry.npm.taobao.org/lazy-val/download/lazy-val-1.0.3.tgz"
            },
            "semver": {
              "version": "http://registry.npm.taobao.org/semver/download/semver-5.5.1.tgz"
            },
            "source-map-support": {
              "version": "http://registry.npm.taobao.org/source-map-support/download/source-map-support-0.5.9.tgz",
              "dependencies": {
                "buffer-from": {
                  "version": "http://registry.npm.taobao.org/buffer-from/download/buffer-from-1.1.1.tgz",
                  "bundled": true
                },
                "source-map": {
                  "version": "http://registry.npm.taobao.org/source-map/download/source-map-0.6.1.tgz",
                  "bundled": true
                }
              }
            },
            "stat-mode": {
              "version": "http://registry.npm.taobao.org/stat-mode/download/stat-mode-0.2.2.tgz"
            },
            "temp-file": {
              "version": "http://registry.npm.taobao.org/temp-file/download/temp-file-3.1.3.tgz"
            }
          }
        },
        "builder-util-runtime": {
          "version": "http://registry.npm.taobao.org/builder-util-runtime/download/builder-util-runtime-4.4.1.tgz",
          "dependencies": {
            "bluebird-lst": {
              "version": "http://registry.npm.taobao.org/bluebird-lst/download/bluebird-lst-1.0.5.tgz",
              "dependencies": {}
            },
            "debug": {
              "version": "http://registry.npm.taobao.org/debug/download/debug-3.2.5.tgz"
            },
            "fs-extra-p": {
              "version": "http://registry.npm.taobao.org/fs-extra-p/download/fs-extra-p-4.6.1.tgz",
              "dependencies": {}
            },
            "sax": {
              "version": "http://registry.npm.taobao.org/sax/download/sax-1.2.4.tgz"
            }
          }
        },
        "chalk": {
          "version": "http://registry.npm.taobao.org/chalk/download/chalk-2.4.1.tgz",
          "dependencies": {
            "ansi-styles": {
              "version": "http://registry.npm.taobao.org/ansi-styles/download/ansi-styles-3.2.1.tgz",
              "bundled": true
            },
            "escape-string-regexp": {
              "version": "http://registry.npm.taobao.org/escape-string-regexp/download/escape-string-regexp-1.0.5.tgz",
              "bundled": true
            },
            "supports-color": {
              "version": "http://registry.npm.taobao.org/supports-color/download/supports-color-5.5.0.tgz",
              "bundled": true
            }
          }
        },
        "dmg-builder": {
          "version": "http://registry.npm.taobao.org/dmg-builder/download/dmg-builder-5.2.0.tgz",
          "dependencies": {
            "app-builder-lib": {
              "version": "http://registry.npm.taobao.org/app-builder-lib/download/app-builder-lib-20.27.1.tgz",
              "bundled": true,
              "dependencies": {
                "7zip-bin": {
                  "version": "http://registry.npm.taobao.org/7zip-bin/download/7zip-bin-4.0.2.tgz",
                  "bundled": true
                },
                "app-builder-bin": {
                  "version": "http://registry.npm.taobao.org/app-builder-bin/download/app-builder-bin-2.1.1.tgz",
                  "bundled": true
                },
                "async-exit-hook": {
                  "version": "http://registry.npm.taobao.org/async-exit-hook/download/async-exit-hook-2.0.1.tgz",
                  "bundled": true
                },
                "bluebird-lst": {
                  "version": "http://registry.npm.taobao.org/bluebird-lst/download/bluebird-lst-1.0.5.tgz",
                  "bundled": true
                },
                "builder-util": {
                  "version": "http://registry.npm.taobao.org/builder-util/download/builder-util-6.0.0.tgz",
                  "bundled": true
                },
                "builder-util-runtime": {
                  "version": "http://registry.npm.taobao.org/builder-util-runtime/download/builder-util-runtime-4.4.1.tgz",
                  "bundled": true,
                  "dependencies": {}
                },
                "chromium-pickle-js": {
                  "version": "http://registry.npm.taobao.org/chromium-pickle-js/download/chromium-pickle-js-0.2.0.tgz",
                  "bundled": true
                },
                "debug": {
                  "version": "http://registry.npm.taobao.org/debug/download/debug-3.2.5.tgz",
                  "bundled": true,
                  "dependencies": {}
                },
                "ejs": {
                  "version": "http://registry.npm.taobao.org/ejs/download/ejs-2.6.1.tgz",
                  "bundled": true
                },
                "electron-osx-sign": {
                  "version": "http://registry.npm.taobao.org/electron-osx-sign/download/electron-osx-sign-0.4.10.tgz",
                  "bundled": true
                },
                "electron-publish": {
                  "version": "http://registry.npm.taobao.org/electron-publish/download/electron-publish-20.27.0.tgz",
                  "bundled": true
                },
                "fs-extra-p": {
                  "version": "http://registry.npm.taobao.org/fs-extra-p/download/fs-extra-p-4.6.1.tgz",
                  "bundled": true,
                  "dependencies": {}
                },
                "hosted-git-info": {
                  "version": "http://registry.npm.taobao.org/hosted-git-info/download/hosted-git-info-2.7.1.tgz",
                  "bundled": true
                },
                "is-ci": {
                  "version": "http://registry.npm.taobao.org/is-ci/download/is-ci-1.2.1.tgz",
                  "bundled": true,
                  "dependencies": {}
                },
                "isbinaryfile": {
                  "version": "http://registry.npm.taobao.org/isbinaryfile/download/isbinaryfile-3.0.3.tgz",
                  "bundled": true,
                  "dependencies": {}
                },
                "js-yaml": {
                  "version": "http://registry.npm.taobao.org/js-yaml/download/js-yaml-3.12.0.tgz",
                  "bundled": true,
                  "dependencies": {}
                },
                "lazy-val": {
                  "version": "http://registry.npm.taobao.org/lazy-val/download/lazy-val-1.0.3.tgz",
                  "bundled": true
                },
                "minimatch": {
                  "version": "http://registry.npm.taobao.org/minimatch/download/minimatch-3.0.4.tgz",
                  "bundled": true,
                  "dependencies": {}
                },
                "normalize-package-data": {
                  "version": "http://registry.npm.taobao.org/normalize-package-data/download/normalize-package-data-2.4.0.tgz",
                  "bundled": true,
                  "dependencies": {}
                },
                "plist": {
                  "version": "http://registry.npm.taobao.org/plist/download/plist-3.0.1.tgz",
                  "bundled": true
                },
                "read-config-file": {
                  "version": "http://registry.npm.taobao.org/read-config-file/download/read-config-file-3.1.0.tgz",
                  "bundled": true
                },
                "sanitize-filename": {
                  "version": "http://registry.npm.taobao.org/sanitize-filename/download/sanitize-filename-1.6.1.tgz",
                  "bundled": true,
                  "dependencies": {}
                },
                "semver": {
                  "version": "http://registry.npm.taobao.org/semver/download/semver-5.5.1.tgz",
                  "bundled": true
                },
                "temp-file": {
                  "version": "http://registry.npm.taobao.org/temp-file/download/temp-file-3.1.3.tgz",
                  "bundled": true,
                  "dependencies": {}
                }
              }
            },
            "bluebird-lst": {
              "version": "http://registry.npm.taobao.org/bluebird-lst/download/bluebird-lst-1.0.5.tgz",
              "bundled": true,
              "dependencies": {
                "bluebird": {
                  "version": "http://registry.npm.taobao.org/bluebird/download/bluebird-3.5.2.tgz"
                }
              }
            },
            "builder-util": {
              "version": "http://registry.npm.taobao.org/builder-util/download/builder-util-6.0.0.tgz",
              "bundled": true,
              "dependencies": {
                "7zip-bin": {
                  "version": "http://registry.npm.taobao.org/7zip-bin/download/7zip-bin-4.0.2.tgz"
                },
                "app-builder-bin": {
                  "version": "http://registry.npm.taobao.org/app-builder-bin/download/app-builder-bin-2.1.1.tgz"
                },
                "bluebird-lst": {
                  "version": "http://registry.npm.taobao.org/bluebird-lst/download/bluebird-lst-1.0.5.tgz",
                  "dependencies": {}
                },
                "builder-util-runtime": {
                  "version": "http://registry.npm.taobao.org/builder-util-runtime/download/builder-util-runtime-4.4.1.tgz"
                },
                "chalk": {
                  "version": "http://registry.npm.taobao.org/chalk/download/chalk-2.4.1.tgz"
                },
                "debug": {
                  "version": "http://registry.npm.taobao.org/debug/download/debug-3.2.5.tgz",
                  "dependencies": {}
                },
                "fs-extra-p": {
                  "version": "http://registry.npm.taobao.org/fs-extra-p/download/fs-extra-p-4.6.1.tgz"
                },
                "is-ci": {
                  "version": "http://registry.npm.taobao.org/is-ci/download/is-ci-1.2.1.tgz"
                },
                "js-yaml": {
                  "version": "http://registry.npm.taobao.org/js-yaml/download/js-yaml-3.12.0.tgz"
                },
                "lazy-val": {
                  "version": "http://registry.npm.taobao.org/lazy-val/download/lazy-val-1.0.3.tgz"
                },
                "semver": {
                  "version": "http://registry.npm.taobao.org/semver/download/semver-5.5.1.tgz"
                },
                "source-map-support": {
                  "version": "http://registry.npm.taobao.org/source-map-support/download/source-map-support-0.5.9.tgz",
                  "dependencies": {}
                },
                "stat-mode": {
                  "version": "http://registry.npm.taobao.org/stat-mode/download/stat-mode-0.2.2.tgz"
                },
                "temp-file": {
                  "version": "http://registry.npm.taobao.org/temp-file/download/temp-file-3.1.3.tgz"
                }
              }
            },
            "fs-extra-p": {
              "version": "http://registry.npm.taobao.org/fs-extra-p/download/fs-extra-p-4.6.1.tgz",
              "bundled": true,
              "dependencies": {
                "bluebird-lst": {
                  "version": "http://registry.npm.taobao.org/bluebird-lst/download/bluebird-lst-1.0.5.tgz",
                  "dependencies": {}
                },
                "fs-extra": {
                  "version": "http://registry.npm.taobao.org/fs-extra/download/fs-extra-6.0.1.tgz"
                }
              }
            },
            "iconv-lite": {
              "version": "http://registry.npm.taobao.org/iconv-lite/download/iconv-lite-0.4.24.tgz",
              "bundled": true
            },
            "js-yaml": {
              "version": "http://registry.npm.taobao.org/js-yaml/download/js-yaml-3.12.0.tgz",
              "bundled": true,
              "dependencies": {
                "argparse": {
                  "version": "http://registry.npm.taobao.org/argparse/download/argparse-1.0.10.tgz",
                  "bundled": true
                },
                "esprima": {
                  "version": "http://registry.npm.taobao.org/esprima/download/esprima-4.0.1.tgz",
                  "bundled": true
                }
              }
            },
            "parse-color": {
              "version": "http://registry.npm.taobao.org/parse-color/download/parse-color-1.0.0.tgz",
              "bundled": true
            },
            "sanitize-filename": {
              "version": "http://registry.npm.taobao.org/sanitize-filename/download/sanitize-filename-1.6.1.tgz",
              "bundled": true
            }
          }
        },
        "fs-extra-p": {
          "version": "http://registry.npm.taobao.org/fs-extra-p/download/fs-extra-p-4.6.1.tgz",
          "dependencies": {
            "bluebird-lst": {
              "version": "http://registry.npm.taobao.org/bluebird-lst/download/bluebird-lst-1.0.5.tgz",
              "dependencies": {}
            },
            "fs-extra": {
              "version": "http://registry.npm.taobao.org/fs-extra/download/fs-extra-6.0.1.tgz"
            }
          }
        },
        "is-ci": {
          "version": "http://registry.npm.taobao.org/is-ci/download/is-ci-1.2.1.tgz",
          "dependencies": {
            "ci-info": {
              "version": "http://registry.npm.taobao.org/ci-info/download/ci-info-1.5.1.tgz",
              "bundled": true
            }
          }
        },
        "lazy-val": {
          "version": "http://registry.npm.taobao.org/lazy-val/download/lazy-val-1.0.3.tgz"
        },
        "read-config-file": {
          "version": "http://registry.npm.taobao.org/read-config-file/download/read-config-file-3.1.0.tgz",
          "dependencies": {
            "ajv": {
              "version": "http://registry.npm.taobao.org/ajv/download/ajv-6.5.3.tgz",
              "bundled": true
            },
            "ajv-keywords": {
              "version": "http://registry.npm.taobao.org/ajv-keywords/download/ajv-keywords-3.2.0.tgz",
              "bundled": true,
              "dependencies": {
                "ajv": {
                  "version": "http://registry.npm.taobao.org/ajv/download/ajv-6.5.3.tgz",
                  "dependencies": {
                    "fast-deep-equal": {
                      "version": "http://registry.npm.taobao.org/fast-deep-equal/download/fast-deep-equal-2.0.1.tgz"
                    },
                    "fast-json-stable-stringify": {
                      "version": "http://registry.npm.taobao.org/fast-json-stable-stringify/download/fast-json-stable-stringify-2.0.0.tgz"
                    },
                    "json-schema-traverse": {
                      "version": "http://registry.npm.taobao.org/json-schema-traverse/download/json-schema-traverse-0.4.1.tgz"
                    },
                    "uri-js": {
                      "version": "http://registry.npm.taobao.org/uri-js/download/uri-js-4.2.2.tgz"
                    }
                  }
                }
              }
            },
            "bluebird-lst": {
              "version": "http://registry.npm.taobao.org/bluebird-lst/download/bluebird-lst-1.0.5.tgz",
              "bundled": true,
              "dependencies": {
                "bluebird": {
                  "version": "http://registry.npm.taobao.org/bluebird/download/bluebird-3.5.2.tgz"
                }
              }
            },
            "dotenv": {
              "version": "http://registry.npm.taobao.org/dotenv/download/dotenv-6.0.0.tgz",
              "bundled": true
            },
            "dotenv-expand": {
              "version": "http://registry.npm.taobao.org/dotenv-expand/download/dotenv-expand-4.2.0.tgz",
              "bundled": true
            },
            "fs-extra-p": {
              "version": "http://registry.npm.taobao.org/fs-extra-p/download/fs-extra-p-4.6.1.tgz",
              "bundled": true,
              "dependencies": {
                "bluebird-lst": {
                  "version": "http://registry.npm.taobao.org/bluebird-lst/download/bluebird-lst-1.0.5.tgz",
                  "dependencies": {}
                },
                "fs-extra": {
                  "version": "http://registry.npm.taobao.org/fs-extra/download/fs-extra-6.0.1.tgz"
                }
              }
            },
            "js-yaml": {
              "version": "http://registry.npm.taobao.org/js-yaml/download/js-yaml-3.12.0.tgz",
              "bundled": true,
              "dependencies": {
                "argparse": {
                  "version": "http://registry.npm.taobao.org/argparse/download/argparse-1.0.10.tgz",
                  "bundled": true
                },
                "esprima": {
                  "version": "http://registry.npm.taobao.org/esprima/download/esprima-4.0.1.tgz",
                  "bundled": true
                }
              }
            },
            "json5": {
              "version": "http://registry.npm.taobao.org/json5/download/json5-1.0.1.tgz",
              "bundled": true
            },
            "lazy-val": {
              "version": "http://registry.npm.taobao.org/lazy-val/download/lazy-val-1.0.3.tgz",
              "bundled": true
            }
          }
        },
        "sanitize-filename": {
          "version": "http://registry.npm.taobao.org/sanitize-filename/download/sanitize-filename-1.6.1.tgz",
          "dependencies": {
            "truncate-utf8-bytes": {
              "version": "http://registry.npm.taobao.org/truncate-utf8-bytes/download/truncate-utf8-bytes-1.0.2.tgz"
            }
          }
        },
        "update-notifier": {
          "version": "http://registry.npm.taobao.org/update-notifier/download/update-notifier-2.5.0.tgz"
        },
        "yargs": {
          "version": "http://registry.npm.taobao.org/yargs/download/yargs-12.0.2.tgz"
        }
      }
    },
    "electron-context-menu": {
      "version": "0.10.0",
      "resolved": "http://registry.npm.taobao.org/electron-context-menu/download/electron-context-menu-0.10.0.tgz",
      "dependencies": {
        "electron-dl": {
          "version": "http://registry.npm.taobao.org/electron-dl/download/electron-dl-1.12.0.tgz",
          "bundled": true
        },
        "electron-is-dev": {
          "version": "http://registry.npm.taobao.org/electron-is-dev/download/electron-is-dev-0.3.0.tgz",
          "bundled": true
        }
      }
    },
    "electron-debug": {
      "version": "2.0.0",
      "resolved": "http://registry.npm.taobao.org/electron-debug/download/electron-debug-2.0.0.tgz",
      "dependencies": {
        "electron-is-dev": {
          "version": "http://registry.npm.taobao.org/electron-is-dev/download/electron-is-dev-0.3.0.tgz"
        },
        "electron-localshortcut": {
          "version": "http://registry.npm.taobao.org/electron-localshortcut/download/electron-localshortcut-3.1.0.tgz"
        }
      }
    },
    "electron-log": {
      "version": "2.2.16",
      "resolved": "http://registry.npm.taobao.org/electron-log/download/electron-log-2.2.16.tgz"
    },
    "electron-tabs": {
      "version": "0.9.4",
      "resolved": "https://registry.npmjs.org/electron-tabs/-/electron-tabs-0.9.4.tgz",
      "integrity": "sha512-RYarthimpl+rX98+wH57Vy3tuf7P2ZcD8aShF8CM6wCYcnMuxb24LrhX4gNT4LRoxMhEypj4PW/CliTBAr1Cig==",
      "dev": true
    },
    "electron-updater": {
      "version": "3.1.2",
      "resolved": "http://registry.npm.taobao.org/electron-updater/download/electron-updater-3.1.2.tgz",
      "dev": true,
      "dependencies": {
        "bluebird-lst": {
          "version": "http://registry.npm.taobao.org/bluebird-lst/download/bluebird-lst-1.0.5.tgz",
          "bundled": true,
          "dependencies": {
            "bluebird": {
              "version": "http://registry.npm.taobao.org/bluebird/download/bluebird-3.5.2.tgz"
            }
          }
        },
        "builder-util-runtime": {
          "version": "http://registry.npm.taobao.org/builder-util-runtime/download/builder-util-runtime-4.4.1.tgz",
          "bundled": true,
          "dependencies": {
            "bluebird-lst": {
              "version": "http://registry.npm.taobao.org/bluebird-lst/download/bluebird-lst-1.0.5.tgz",
              "dependencies": {}
            },
            "debug": {
              "version": "http://registry.npm.taobao.org/debug/download/debug-3.2.5.tgz"
            },
            "fs-extra-p": {
              "version": "http://registry.npm.taobao.org/fs-extra-p/download/fs-extra-p-4.6.1.tgz",
              "dependencies": {}
            },
            "sax": {
              "version": "http://registry.npm.taobao.org/sax/download/sax-1.2.4.tgz"
            }
          }
        },
        "electron-is-dev": {
          "version": "http://registry.npm.taobao.org/electron-is-dev/download/electron-is-dev-0.3.0.tgz",
          "bundled": true
        },
        "fs-extra-p": {
          "version": "http://registry.npm.taobao.org/fs-extra-p/download/fs-extra-p-4.6.1.tgz",
          "bundled": true,
          "dependencies": {
            "bluebird-lst": {
              "version": "http://registry.npm.taobao.org/bluebird-lst/download/bluebird-lst-1.0.5.tgz",
              "dependencies": {}
            },
            "fs-extra": {
              "version": "http://registry.npm.taobao.org/fs-extra/download/fs-extra-6.0.1.tgz"
            }
          }
        },
        "js-yaml": {
          "version": "http://registry.npm.taobao.org/js-yaml/download/js-yaml-3.12.0.tgz",
          "bundled": true,
          "dependencies": {
            "argparse": {
              "version": "http://registry.npm.taobao.org/argparse/download/argparse-1.0.10.tgz",
              "bundled": true
            },
            "esprima": {
              "version": "http://registry.npm.taobao.org/esprima/download/esprima-4.0.1.tgz",
              "bundled": true
            }
          }
        },
        "lazy-val": {
          "version": "http://registry.npm.taobao.org/lazy-val/download/lazy-val-1.0.3.tgz",
          "bundled": true
        },
        "lodash.isequal": {
          "version": "http://registry.npm.taobao.org/lodash.isequal/download/lodash.isequal-4.5.0.tgz",
          "bundled": true
        },
        "semver": {
          "version": "http://registry.npm.taobao.org/semver/download/semver-5.5.1.tgz",
          "bundled": true
        },
        "source-map-support": {
          "version": "http://registry.npm.taobao.org/source-map-support/download/source-map-support-0.5.9.tgz",
          "bundled": true
        }
      }
    },
    "jquery": {
      "version": "3.3.1",
      "resolved": "http://registry.npm.taobao.org/jquery/download/jquery-3.3.1.tgz"
    },
    "portfinder": {
      "version": "1.0.13",
      "resolved": "http://registry.npm.taobao.org/portfinder/download/portfinder-1.0.13.tgz",
      "dev": true,
      "dependencies": {
        "async": {
          "version": "http://registry.npm.taobao.org/async/download/async-1.5.2.tgz"
        },
        "debug": {
          "version": "http://registry.npm.taobao.org/debug/download/debug-2.6.9.tgz",
          "dependencies": {
            "ms": {
              "version": "http://registry.npm.taobao.org/ms/download/ms-2.0.0.tgz",
              "bundled": true
            }
          }
        },
        "mkdirp": {
          "version": "http://registry.npm.taobao.org/mkdirp/download/mkdirp-0.5.1.tgz",
          "dependencies": {
            "minimist": {
              "version": "http://registry.npm.taobao.org/minimist/download/minimist-0.0.8.tgz"
            }
          }
        }
      }
    }
  }
}
